{
  "name": "portunus",
  "version": "0.1.0",
  "lockfileVersion": 1,
  "requires": true,
  "dependencies": {
    "nodemailer": {
      "version": "6.0.0",
      "resolved": "https://registry.npmjs.org/nodemailer/-/nodemailer-6.0.0.tgz",
      "integrity": "sha512-PMQJyLhoNAMoBU1hEh5aaUkpa/tcDNwzS7s7zow/myKfoEoZewMxUuWZqQ5yjYsAnvE484KSkYH5s6iPvcjhCg=="
    }
  }
}
